# @generated by Move, please check-in and do not edit manually.

[move]
version = 3
manifest_digest = "8AD918733B4B9A871EB52345262514336D564678E4B530B05A17E7576C5E58A9"
deps_digest = "F8BBB0CCB2491CA29A3DF03D6F92277A4F3574266507ACD77214D37ECA3F3082"
dependencies = [
  { id = "Sui", name = "Sui" },
]

[[move.package]]
id = "MoveStdlib"
source = { git = "https://github.com/MystenLabs/sui.git", rev = "framework/testnet", subdir = "crates/sui-framework/packages/move-stdlib" }

[[move.package]]
id = "Sui"
source = { git = "https://github.com/MystenLabs/sui.git", rev = "framework/testnet", subdir = "crates/sui-framework/packages/sui-framework" }

dependencies = [
  { id = "MoveStdlib", name = "MoveStdlib" },
]

[move.toolchain-version]
compiler-version = "1.41.0"
edition = "2024.beta"
flavor = "sui"

[env]

[env.localnet]
chain-id = "1fe36fa3"
original-published-id = "0xd60863e57010b2c5a8cfc18cf98ba42bba4a6a62273e4e7cc7416a03fcafcfed"
latest-published-id = "0xd60863e57010b2c5a8cfc18cf98ba42bba4a6a62273e4e7cc7416a03fcafcfed"
published-version = "1"
